
Microsoft Visual Studio Solution File, Format Version 12.00
# Visual Studio 15
VisualStudioVersion = 15.0.27130.2036
MinimumVisualStudioVersion = 10.0.40219.1
Project("{FAE04EC0-301F-11D3-BF4B-00C04F79EFBC}") = "TodoApp.Api", "Src\TodoApp.Api\TodoApp.Api.csproj", "{C94FBFBA-B38B-4F39-BEF5-2A79BEBBCD13}"
EndProject
Project("{FAE04EC0-301F-11D3-BF4B-00C04F79EFBC}") = "TodoApp.Api.Tests", "Tests\TodoApp.Api.Tests\TodoApp.Api.Tests.csproj", "{2D1C1495-D893-4537-BF2F-EB3E9437F9B3}"
EndProject
Project("{FAE04EC0-301F-11D3-BF4B-00C04F79EFBC}") = "TodoApp.Contracts", "Src\TodoApp.Contracts\TodoApp.Contracts.csproj", "{FDAB04B3-56AB-430D-B4B2-3B0B81536F5E}"
EndProject
Project("{FAE04EC0-301F-11D3-BF4B-00C04F79EFBC}") = "TodoApp.Database", "Src\TodoApp.Database\TodoApp.Database.csproj", "{E8120002-790C-4E80-9146-006746B4F922}"
EndProject
Project("{2150E333-8FDC-42A3-9474-1A3956D46DE8}") = "Src", "Src", "{F4D72F4D-2A2B-49DC-97EA-0DFF352E046E}"
EndProject
Project("{2150E333-8FDC-42A3-9474-1A3956D46DE8}") = "Tests", "Tests", "{83B9EA13-50D4-4981-8C6B-1C02FB6928FC}"
EndProject
Project("{FAE04EC0-301F-11D3-BF4B-00C04F79EFBC}") = "TodoApp.ApiServices", "Src\TodoApp.ApiServices\TodoApp.ApiServices.csproj", "{2D90286C-83DB-4EE8-A9C0-22BCB0D4BA3B}"
EndProject
Project("{FAE04EC0-301F-11D3-BF4B-00C04F79EFBC}") = "TodoApp.ApiServices.Tests", "Tests\TodoApp.ApiServices.Tests\TodoApp.ApiServices.Tests.csproj", "{CF4FDECD-1EBE-4478-97C0-A92BE425376E}"
	ProjectSection(ProjectDependencies) = postProject
		{BDF68765-3588-42A4-AAE5-EDFD7BCA1D04} = {BDF68765-3588-42A4-AAE5-EDFD7BCA1D04}
	EndProjectSection
EndProject
Project("{FAE04EC0-301F-11D3-BF4B-00C04F79EFBC}") = "TodoApp.Dependency", "Src\TodoApp.Dependency\TodoApp.Dependency.csproj", "{F8A7B479-E472-4E75-9124-83E0233B8F6B}"
EndProject
Project("{2150E333-8FDC-42A3-9474-1A3956D46DE8}") = "Solution Items", "Solution Items", "{264A1F0F-9CB2-43CF-9108-6700F7419112}"
	ProjectSection(SolutionItems) = preProject
		..\.gitignore = ..\.gitignore
		..\appveyor.yml = ..\appveyor.yml
		..\README.md = ..\README.md
		TodoApp.sln.DotSettings = TodoApp.sln.DotSettings
	EndProjectSection
EndProject
Project("{FAE04EC0-301F-11D3-BF4B-00C04F79EFBC}") = "TodoApp.Dependency.Tests", "Tests\TodoApp.Dependency.Tests\TodoApp.Dependency.Tests.csproj", "{0B3362B9-AEF5-4482-9B49-9DF97BA72D47}"
	ProjectSection(ProjectDependencies) = postProject
		{BDF68765-3588-42A4-AAE5-EDFD7BCA1D04} = {BDF68765-3588-42A4-AAE5-EDFD7BCA1D04}
	EndProjectSection
EndProject
Project("{FAE04EC0-301F-11D3-BF4B-00C04F79EFBC}") = "TodoApp.Services", "Src\TodoApp.Services\TodoApp.Services.csproj", "{6CA39B97-0F92-418C-AD6B-4D7C4658F873}"
EndProject
Project("{FAE04EC0-301F-11D3-BF4B-00C04F79EFBC}") = "TodoApp.Services.Tests", "Tests\TodoApp.Services.Tests\TodoApp.Services.Tests.csproj", "{969C3D92-7C67-4865-92A3-571197DB9692}"
EndProject
Project("{FAE04EC0-301F-11D3-BF4B-00C04F79EFBC}") = "TodoApp.TestContracts", "Tests\TodoApp.TestContracts\TodoApp.TestContracts.csproj", "{BDF68765-3588-42A4-AAE5-EDFD7BCA1D04}"
EndProject
Global
	GlobalSection(SolutionConfigurationPlatforms) = preSolution
		Debug|Any CPU = Debug|Any CPU
		Release|Any CPU = Release|Any CPU
	EndGlobalSection
	GlobalSection(ProjectConfigurationPlatforms) = postSolution
		{C94FBFBA-B38B-4F39-BEF5-2A79BEBBCD13}.Debug|Any CPU.ActiveCfg = Debug|Any CPU
		{C94FBFBA-B38B-4F39-BEF5-2A79BEBBCD13}.Debug|Any CPU.Build.0 = Debug|Any CPU
		{C94FBFBA-B38B-4F39-BEF5-2A79BEBBCD13}.Release|Any CPU.ActiveCfg = Release|Any CPU
		{C94FBFBA-B38B-4F39-BEF5-2A79BEBBCD13}.Release|Any CPU.Build.0 = Release|Any CPU
		{2D1C1495-D893-4537-BF2F-EB3E9437F9B3}.Debug|Any CPU.ActiveCfg = Debug|Any CPU
		{2D1C1495-D893-4537-BF2F-EB3E9437F9B3}.Debug|Any CPU.Build.0 = Debug|Any CPU
		{2D1C1495-D893-4537-BF2F-EB3E9437F9B3}.Release|Any CPU.ActiveCfg = Release|Any CPU
		{2D1C1495-D893-4537-BF2F-EB3E9437F9B3}.Release|Any CPU.Build.0 = Release|Any CPU
		{FDAB04B3-56AB-430D-B4B2-3B0B81536F5E}.Debug|Any CPU.ActiveCfg = Debug|Any CPU
		{FDAB04B3-56AB-430D-B4B2-3B0B81536F5E}.Debug|Any CPU.Build.0 = Debug|Any CPU
		{FDAB04B3-56AB-430D-B4B2-3B0B81536F5E}.Release|Any CPU.ActiveCfg = Release|Any CPU
		{FDAB04B3-56AB-430D-B4B2-3B0B81536F5E}.Release|Any CPU.Build.0 = Release|Any CPU
		{E8120002-790C-4E80-9146-006746B4F922}.Debug|Any CPU.ActiveCfg = Debug|Any CPU
		{E8120002-790C-4E80-9146-006746B4F922}.Debug|Any CPU.Build.0 = Debug|Any CPU
		{E8120002-790C-4E80-9146-006746B4F922}.Release|Any CPU.ActiveCfg = Release|Any CPU
		{E8120002-790C-4E80-9146-006746B4F922}.Release|Any CPU.Build.0 = Release|Any CPU
		{2D90286C-83DB-4EE8-A9C0-22BCB0D4BA3B}.Debug|Any CPU.ActiveCfg = Debug|Any CPU
		{2D90286C-83DB-4EE8-A9C0-22BCB0D4BA3B}.Debug|Any CPU.Build.0 = Debug|Any CPU
		{2D90286C-83DB-4EE8-A9C0-22BCB0D4BA3B}.Release|Any CPU.ActiveCfg = Release|Any CPU
		{2D90286C-83DB-4EE8-A9C0-22BCB0D4BA3B}.Release|Any CPU.Build.0 = Release|Any CPU
		{CF4FDECD-1EBE-4478-97C0-A92BE425376E}.Debug|Any CPU.ActiveCfg = Debug|Any CPU
		{CF4FDECD-1EBE-4478-97C0-A92BE425376E}.Debug|Any CPU.Build.0 = Debug|Any CPU
		{CF4FDECD-1EBE-4478-97C0-A92BE425376E}.Release|Any CPU.ActiveCfg = Release|Any CPU
		{CF4FDECD-1EBE-4478-97C0-A92BE425376E}.Release|Any CPU.Build.0 = Release|Any CPU
		{F8A7B479-E472-4E75-9124-83E0233B8F6B}.Debug|Any CPU.ActiveCfg = Debug|Any CPU
		{F8A7B479-E472-4E75-9124-83E0233B8F6B}.Debug|Any CPU.Build.0 = Debug|Any CPU
		{F8A7B479-E472-4E75-9124-83E0233B8F6B}.Release|Any CPU.ActiveCfg = Release|Any CPU
		{F8A7B479-E472-4E75-9124-83E0233B8F6B}.Release|Any CPU.Build.0 = Release|Any CPU
		{0B3362B9-AEF5-4482-9B49-9DF97BA72D47}.Debug|Any CPU.ActiveCfg = Debug|Any CPU
		{0B3362B9-AEF5-4482-9B49-9DF97BA72D47}.Debug|Any CPU.Build.0 = Debug|Any CPU
		{0B3362B9-AEF5-4482-9B49-9DF97BA72D47}.Release|Any CPU.ActiveCfg = Release|Any CPU
		{0B3362B9-AEF5-4482-9B49-9DF97BA72D47}.Release|Any CPU.Build.0 = Release|Any CPU
		{6CA39B97-0F92-418C-AD6B-4D7C4658F873}.Debug|Any CPU.ActiveCfg = Debug|Any CPU
		{6CA39B97-0F92-418C-AD6B-4D7C4658F873}.Debug|Any CPU.Build.0 = Debug|Any CPU
		{6CA39B97-0F92-418C-AD6B-4D7C4658F873}.Release|Any CPU.ActiveCfg = Release|Any CPU
		{6CA39B97-0F92-418C-AD6B-4D7C4658F873}.Release|Any CPU.Build.0 = Release|Any CPU
		{969C3D92-7C67-4865-92A3-571197DB9692}.Debug|Any CPU.ActiveCfg = Debug|Any CPU
		{969C3D92-7C67-4865-92A3-571197DB9692}.Debug|Any CPU.Build.0 = Debug|Any CPU
		{969C3D92-7C67-4865-92A3-571197DB9692}.Release|Any CPU.ActiveCfg = Release|Any CPU
		{969C3D92-7C67-4865-92A3-571197DB9692}.Release|Any CPU.Build.0 = Release|Any CPU
		{BDF68765-3588-42A4-AAE5-EDFD7BCA1D04}.Debug|Any CPU.ActiveCfg = Debug|Any CPU
		{BDF68765-3588-42A4-AAE5-EDFD7BCA1D04}.Debug|Any CPU.Build.0 = Debug|Any CPU
		{BDF68765-3588-42A4-AAE5-EDFD7BCA1D04}.Release|Any CPU.ActiveCfg = Release|Any CPU
		{BDF68765-3588-42A4-AAE5-EDFD7BCA1D04}.Release|Any CPU.Build.0 = Release|Any CPU
	EndGlobalSection
	GlobalSection(SolutionProperties) = preSolution
		HideSolutionNode = FALSE
	EndGlobalSection
	GlobalSection(NestedProjects) = preSolution
		{C94FBFBA-B38B-4F39-BEF5-2A79BEBBCD13} = {F4D72F4D-2A2B-49DC-97EA-0DFF352E046E}
		{2D1C1495-D893-4537-BF2F-EB3E9437F9B3} = {83B9EA13-50D4-4981-8C6B-1C02FB6928FC}
		{FDAB04B3-56AB-430D-B4B2-3B0B81536F5E} = {F4D72F4D-2A2B-49DC-97EA-0DFF352E046E}
		{E8120002-790C-4E80-9146-006746B4F922} = {F4D72F4D-2A2B-49DC-97EA-0DFF352E046E}
		{2D90286C-83DB-4EE8-A9C0-22BCB0D4BA3B} = {F4D72F4D-2A2B-49DC-97EA-0DFF352E046E}
		{CF4FDECD-1EBE-4478-97C0-A92BE425376E} = {83B9EA13-50D4-4981-8C6B-1C02FB6928FC}
		{F8A7B479-E472-4E75-9124-83E0233B8F6B} = {F4D72F4D-2A2B-49DC-97EA-0DFF352E046E}
		{0B3362B9-AEF5-4482-9B49-9DF97BA72D47} = {83B9EA13-50D4-4981-8C6B-1C02FB6928FC}
		{6CA39B97-0F92-418C-AD6B-4D7C4658F873} = {F4D72F4D-2A2B-49DC-97EA-0DFF352E046E}
		{969C3D92-7C67-4865-92A3-571197DB9692} = {83B9EA13-50D4-4981-8C6B-1C02FB6928FC}
		{BDF68765-3588-42A4-AAE5-EDFD7BCA1D04} = {83B9EA13-50D4-4981-8C6B-1C02FB6928FC}
	EndGlobalSection
	GlobalSection(ExtensibilityGlobals) = postSolution
		SolutionGuid = {D75EA3E1-120F-4E42-997E-F6F5151C4A4A}
	EndGlobalSection
EndGlobal
