
Microsoft Visual Studio Solution File, Format Version 12.00
# Visual Studio 15
VisualStudioVersion = 15.0.28010.2016
MinimumVisualStudioVersion = 10.0.40219.1
Project("{FAE04EC0-301F-11D3-BF4B-00C04F79EFBC}") = "TodoApp.Api", "TodoApp.Api\TodoApp.Api.csproj", "{C94FBFBA-B38B-4F39-BEF5-2A79BEBBCD13}"
EndProject
Project("{FAE04EC0-301F-11D3-BF4B-00C04F79EFBC}") = "TodoApp.Api.Tests", "TodoApp.Api.Tests\TodoApp.Api.Tests.csproj", "{2D1C1495-D893-4537-BF2F-EB3E9437F9B3}"
EndProject
Project("{FAE04EC0-301F-11D3-BF4B-00C04F79EFBC}") = "TodoApp.DAL", "TodoApp.DAL\TodoApp.DAL.csproj", "{E8120002-790C-4E80-9146-006746B4F922}"
EndProject
Global
	GlobalSection(SolutionConfigurationPlatforms) = preSolution
		Debug|Any CPU = Debug|Any CPU
		Release|Any CPU = Release|Any CPU
	EndGlobalSection
	GlobalSection(ProjectConfigurationPlatforms) = postSolution
		{C94FBFBA-B38B-4F39-BEF5-2A79BEBBCD13}.Debug|Any CPU.ActiveCfg = Debug|Any CPU
		{C94FBFBA-B38B-4F39-BEF5-2A79BEBBCD13}.Debug|Any CPU.Build.0 = Debug|Any CPU
		{C94FBFBA-B38B-4F39-BEF5-2A79BEBBCD13}.Release|Any CPU.ActiveCfg = Release|Any CPU
		{C94FBFBA-B38B-4F39-BEF5-2A79BEBBCD13}.Release|Any CPU.Build.0 = Release|Any CPU
		{2D1C1495-D893-4537-BF2F-EB3E9437F9B3}.Debug|Any CPU.ActiveCfg = Debug|Any CPU
		{2D1C1495-D893-4537-BF2F-EB3E9437F9B3}.Debug|Any CPU.Build.0 = Debug|Any CPU
		{2D1C1495-D893-4537-BF2F-EB3E9437F9B3}.Release|Any CPU.ActiveCfg = Release|Any CPU
		{2D1C1495-D893-4537-BF2F-EB3E9437F9B3}.Release|Any CPU.Build.0 = Release|Any CPU
		{E8120002-790C-4E80-9146-006746B4F922}.Debug|Any CPU.ActiveCfg = Debug|Any CPU
		{E8120002-790C-4E80-9146-006746B4F922}.Debug|Any CPU.Build.0 = Debug|Any CPU
		{E8120002-790C-4E80-9146-006746B4F922}.Release|Any CPU.ActiveCfg = Release|Any CPU
		{E8120002-790C-4E80-9146-006746B4F922}.Release|Any CPU.Build.0 = Release|Any CPU
	EndGlobalSection
	GlobalSection(SolutionProperties) = preSolution
		HideSolutionNode = FALSE
	EndGlobalSection
	GlobalSection(ExtensibilityGlobals) = postSolution
		SolutionGuid = {D75EA3E1-120F-4E42-997E-F6F5151C4A4A}
	EndGlobalSection
EndGlobal
